
Microsoft Visual Studio Solution File, Format Version 12.00
# Visual Studio Version 17
VisualStudioVersion = 17.9.34728.123
MinimumVisualStudioVersion = 10.0.40219.1
Project("{9A19103F-16F7-4668-BE54-9A1E7A4F7556}") = "ProyectoFinalOut", "ProyectoFinalOut\ProyectoFinalOut.csproj", "{86DCBE63-5616-4142-8653-7DF1E1E834FF}"
EndProject
Global
	GlobalSection(SolutionConfigurationPlatforms) = preSolution
		Debug|Any CPU = Debug|Any CPU
		Release|Any CPU = Release|Any CPU
	EndGlobalSection
	GlobalSection(ProjectConfigurationPlatforms) = postSolution
		{86DCBE63-5616-4142-8653-7DF1E1E834FF}.Debug|Any CPU.ActiveCfg = Debug|Any CPU
		{86DCBE63-5616-4142-8653-7DF1E1E834FF}.Debug|Any CPU.Build.0 = Debug|Any CPU
		{86DCBE63-5616-4142-8653-7DF1E1E834FF}.Release|Any CPU.ActiveCfg = Release|Any CPU
		{86DCBE63-5616-4142-8653-7DF1E1E834FF}.Release|Any CPU.Build.0 = Release|Any CPU
	EndGlobalSection
	GlobalSection(SolutionProperties) = preSolution
		HideSolutionNode = FALSE
	EndGlobalSection
	GlobalSection(ExtensibilityGlobals) = postSolution
		SolutionGuid = {6DDDA224-E372-4273-998C-B27C1E030B31}
	EndGlobalSection
EndGlobal
